// !$*UTF8*$!
{
	archiveVersion = 1;
	classes = {
	};
	objectVersion = 56;
	objects = {

/* Begin PBXBuildFile section */
		0217B7722CDC201600871DA0 /* DateFormatter.swift in Sources */ = {isa = PBXBuildFile; fileRef = 0217B7712CDC201500871DA0 /* DateFormatter.swift */; };
		0217B7742CDC302400871DA0 /* Error.swift in Sources */ = {isa = PBXBuildFile; fileRef = 0217B7732CDC302400871DA0 /* Error.swift */; };
		0217B7762CDD797100871DA0 /* BaseCellViewModel.swift in Sources */ = {isa = PBXBuildFile; fileRef = 0217B7752CDD797100871DA0 /* BaseCellViewModel.swift */; };
		0217B77B2CDD819700871DA0 /* Configurator.swift in Sources */ = {isa = PBXBuildFile; fileRef = 0217B77A2CDD819700871DA0 /* Configurator.swift */; };
		0217B77E2CDD9F5E00871DA0 /* PlaceholderCollectionViewCell.swift in Sources */ = {isa = PBXBuildFile; fileRef = 0217B77D2CDD9F5E00871DA0 /* PlaceholderCollectionViewCell.swift */; };
		023FB8A52CD972EB002AA98F /* MainCellViewModel.swift in Sources */ = {isa = PBXBuildFile; fileRef = 023FB8A42CD972EA002AA98F /* MainCellViewModel.swift */; };
		0272D4822CD98F22003C645C /* DetailViewModel.swift in Sources */ = {isa = PBXBuildFile; fileRef = 0272D4812CD98F22003C645C /* DetailViewModel.swift */; };
		0272D4852CD99016003C645C /* DetailCellViewModel.swift in Sources */ = {isa = PBXBuildFile; fileRef = 0272D4842CD99016003C645C /* DetailCellViewModel.swift */; };
		0272D4882CD99C14003C645C /* FavouritePhotoModel.xcdatamodeld in Sources */ = {isa = PBXBuildFile; fileRef = 0272D4862CD99C14003C645C /* FavouritePhotoModel.xcdatamodeld */; };
		0272D48A2CD99C2D003C645C /* CoreDataHelper.swift in Sources */ = {isa = PBXBuildFile; fileRef = 0272D4892CD99C2D003C645C /* CoreDataHelper.swift */; };
		0272D48D2CD9A27A003C645C /* FavouritePhoto+CoreDataClass.swift in Sources */ = {isa = PBXBuildFile; fileRef = 0272D48B2CD9A27A003C645C /* FavouritePhoto+CoreDataClass.swift */; };
		0272D48E2CD9A27A003C645C /* FavouritePhoto+CoreDataProperties.swift in Sources */ = {isa = PBXBuildFile; fileRef = 0272D48C2CD9A27A003C645C /* FavouritePhoto+CoreDataProperties.swift */; };
		0272D4922CD9A3BE003C645C /* SDWebImage in Frameworks */ = {isa = PBXBuildFile; productRef = 0272D4912CD9A3BE003C645C /* SDWebImage */; };
		02A2A7582CD76834008CA73A /* DetailPhotoCell.swift in Sources */ = {isa = PBXBuildFile; fileRef = 02A2A7572CD76834008CA73A /* DetailPhotoCell.swift */; };
		02B624972CCD3A0D00704E80 /* AppDelegate.swift in Sources */ = {isa = PBXBuildFile; fileRef = 02B624962CCD3A0D00704E80 /* AppDelegate.swift */; };
		02B624992CCD3A0D00704E80 /* SceneDelegate.swift in Sources */ = {isa = PBXBuildFile; fileRef = 02B624982CCD3A0D00704E80 /* SceneDelegate.swift */; };
		02B6249B2CCD3A0D00704E80 /* MainViewController.swift in Sources */ = {isa = PBXBuildFile; fileRef = 02B6249A2CCD3A0D00704E80 /* MainViewController.swift */; };
		02B624A02CCD3A0F00704E80 /* Assets.xcassets in Resources */ = {isa = PBXBuildFile; fileRef = 02B6249F2CCD3A0F00704E80 /* Assets.xcassets */; };
		02B624A32CCD3A0F00704E80 /* LaunchScreen.storyboard in Resources */ = {isa = PBXBuildFile; fileRef = 02B624A12CCD3A0F00704E80 /* LaunchScreen.storyboard */; };
		02B624AC2CCE859000704E80 /* NetworkManager.swift in Sources */ = {isa = PBXBuildFile; fileRef = 02B624AB2CCE859000704E80 /* NetworkManager.swift */; };
		02B624AE2CCE9BDD00704E80 /* PhotoItem.swift in Sources */ = {isa = PBXBuildFile; fileRef = 02B624AD2CCE9BDD00704E80 /* PhotoItem.swift */; };
		02B624B02CCEAC1A00704E80 /* MainPhotoCell.swift in Sources */ = {isa = PBXBuildFile; fileRef = 02B624AF2CCEAC1A00704E80 /* MainPhotoCell.swift */; };
		02B624B22CD009C000704E80 /* MainViewModel.swift in Sources */ = {isa = PBXBuildFile; fileRef = 02B624B12CD009C000704E80 /* MainViewModel.swift */; };
		02B624B92CD147A000704E80 /* GalleryLayout.swift in Sources */ = {isa = PBXBuildFile; fileRef = 02B624B82CD147A000704E80 /* GalleryLayout.swift */; };
		02B624BB2CD4D83000704E80 /* DetailViewController.swift in Sources */ = {isa = PBXBuildFile; fileRef = 02B624BA2CD4D83000704E80 /* DetailViewController.swift */; };
		02B624BD2CD4DB2100704E80 /* CustomTransitionAnimator.swift in Sources */ = {isa = PBXBuildFile; fileRef = 02B624BC2CD4DB2100704E80 /* CustomTransitionAnimator.swift */; };
		02B624BF2CD4DD8B00704E80 /* CustomNavigationControllerDelegate.swift in Sources */ = {isa = PBXBuildFile; fileRef = 02B624BE2CD4DD8B00704E80 /* CustomNavigationControllerDelegate.swift */; };
/* End PBXBuildFile section */

/* Begin PBXFileReference section */
		0217B7712CDC201500871DA0 /* DateFormatter.swift */ = {isa = PBXFileReference; lastKnownFileType = sourcecode.swift; path = DateFormatter.swift; sourceTree = "<group>"; };
		0217B7732CDC302400871DA0 /* Error.swift */ = {isa = PBXFileReference; lastKnownFileType = sourcecode.swift; path = Error.swift; sourceTree = "<group>"; };
		0217B7752CDD797100871DA0 /* BaseCellViewModel.swift */ = {isa = PBXFileReference; lastKnownFileType = sourcecode.swift; path = BaseCellViewModel.swift; sourceTree = "<group>"; };
		0217B77A2CDD819700871DA0 /* Configurator.swift */ = {isa = PBXFileReference; lastKnownFileType = sourcecode.swift; path = Configurator.swift; sourceTree = "<group>"; };
		0217B77D2CDD9F5E00871DA0 /* PlaceholderCollectionViewCell.swift */ = {isa = PBXFileReference; lastKnownFileType = sourcecode.swift; path = PlaceholderCollectionViewCell.swift; sourceTree = "<group>"; };
		023FB8A42CD972EA002AA98F /* MainCellViewModel.swift */ = {isa = PBXFileReference; lastKnownFileType = sourcecode.swift; path = MainCellViewModel.swift; sourceTree = "<group>"; };
		0272D4812CD98F22003C645C /* DetailViewModel.swift */ = {isa = PBXFileReference; lastKnownFileType = sourcecode.swift; path = DetailViewModel.swift; sourceTree = "<group>"; };
		0272D4842CD99016003C645C /* DetailCellViewModel.swift */ = {isa = PBXFileReference; lastKnownFileType = sourcecode.swift; path = DetailCellViewModel.swift; sourceTree = "<group>"; };
		0272D4872CD99C14003C645C /* FavouritePhotoModel.xcdatamodel */ = {isa = PBXFileReference; lastKnownFileType = wrapper.xcdatamodel; path = FavouritePhotoModel.xcdatamodel; sourceTree = "<group>"; };
		0272D4892CD99C2D003C645C /* CoreDataHelper.swift */ = {isa = PBXFileReference; lastKnownFileType = sourcecode.swift; path = CoreDataHelper.swift; sourceTree = "<group>"; };
		0272D48B2CD9A27A003C645C /* FavouritePhoto+CoreDataClass.swift */ = {isa = PBXFileReference; lastKnownFileType = sourcecode.swift; path = "FavouritePhoto+CoreDataClass.swift"; sourceTree = "<group>"; };
		0272D48C2CD9A27A003C645C /* FavouritePhoto+CoreDataProperties.swift */ = {isa = PBXFileReference; lastKnownFileType = sourcecode.swift; path = "FavouritePhoto+CoreDataProperties.swift"; sourceTree = "<group>"; };
		02A2A7572CD76834008CA73A /* DetailPhotoCell.swift */ = {isa = PBXFileReference; lastKnownFileType = sourcecode.swift; path = DetailPhotoCell.swift; sourceTree = "<group>"; };
		02B624932CCD3A0D00704E80 /* GalleryApp.app */ = {isa = PBXFileReference; explicitFileType = wrapper.application; includeInIndex = 0; path = GalleryApp.app; sourceTree = BUILT_PRODUCTS_DIR; };
		02B624962CCD3A0D00704E80 /* AppDelegate.swift */ = {isa = PBXFileReference; lastKnownFileType = sourcecode.swift; path = AppDelegate.swift; sourceTree = "<group>"; };
		02B624982CCD3A0D00704E80 /* SceneDelegate.swift */ = {isa = PBXFileReference; lastKnownFileType = sourcecode.swift; path = SceneDelegate.swift; sourceTree = "<group>"; };
		02B6249A2CCD3A0D00704E80 /* MainViewController.swift */ = {isa = PBXFileReference; lastKnownFileType = sourcecode.swift; path = MainViewController.swift; sourceTree = "<group>"; };
		02B6249F2CCD3A0F00704E80 /* Assets.xcassets */ = {isa = PBXFileReference; lastKnownFileType = folder.assetcatalog; path = Assets.xcassets; sourceTree = "<group>"; };
		02B624A22CCD3A0F00704E80 /* Base */ = {isa = PBXFileReference; lastKnownFileType = file.storyboard; name = Base; path = Base.lproj/LaunchScreen.storyboard; sourceTree = "<group>"; };
		02B624A42CCD3A0F00704E80 /* Info.plist */ = {isa = PBXFileReference; lastKnownFileType = text.plist.xml; path = Info.plist; sourceTree = "<group>"; };
		02B624AB2CCE859000704E80 /* NetworkManager.swift */ = {isa = PBXFileReference; lastKnownFileType = sourcecode.swift; path = NetworkManager.swift; sourceTree = "<group>"; };
		02B624AD2CCE9BDD00704E80 /* PhotoItem.swift */ = {isa = PBXFileReference; lastKnownFileType = sourcecode.swift; path = PhotoItem.swift; sourceTree = "<group>"; };
		02B624AF2CCEAC1A00704E80 /* MainPhotoCell.swift */ = {isa = PBXFileReference; lastKnownFileType = sourcecode.swift; path = MainPhotoCell.swift; sourceTree = "<group>"; };
		02B624B12CD009C000704E80 /* MainViewModel.swift */ = {isa = PBXFileReference; lastKnownFileType = sourcecode.swift; path = MainViewModel.swift; sourceTree = "<group>"; };
		02B624B82CD147A000704E80 /* GalleryLayout.swift */ = {isa = PBXFileReference; lastKnownFileType = sourcecode.swift; path = GalleryLayout.swift; sourceTree = "<group>"; };
		02B624BA2CD4D83000704E80 /* DetailViewController.swift */ = {isa = PBXFileReference; lastKnownFileType = sourcecode.swift; path = DetailViewController.swift; sourceTree = "<group>"; };
		02B624BC2CD4DB2100704E80 /* CustomTransitionAnimator.swift */ = {isa = PBXFileReference; lastKnownFileType = sourcecode.swift; path = CustomTransitionAnimator.swift; sourceTree = "<group>"; };
		02B624BE2CD4DD8B00704E80 /* CustomNavigationControllerDelegate.swift */ = {isa = PBXFileReference; lastKnownFileType = sourcecode.swift; path = CustomNavigationControllerDelegate.swift; sourceTree = "<group>"; };
/* End PBXFileReference section */

/* Begin PBXFrameworksBuildPhase section */
		02B624902CCD3A0D00704E80 /* Frameworks */ = {
			isa = PBXFrameworksBuildPhase;
			buildActionMask = 2147483647;
			files = (
				0272D4922CD9A3BE003C645C /* SDWebImage in Frameworks */,
			);
			runOnlyForDeploymentPostprocessing = 0;
		};
/* End PBXFrameworksBuildPhase section */

/* Begin PBXGroup section */
		0217B7772CDD7AF800871DA0 /* BaseViewModels */ = {
			isa = PBXGroup;
			children = (
				0217B7752CDD797100871DA0 /* BaseCellViewModel.swift */,
			);
			path = BaseViewModels;
			sourceTree = "<group>";
		};
		0217B77C2CDD93ED00871DA0 /* Model */ = {
			isa = PBXGroup;
			children = (
				02B624AD2CCE9BDD00704E80 /* PhotoItem.swift */,
			);
			path = Model;
			sourceTree = "<group>";
		};
		0272D4832CD98F4D003C645C /* ViewModel */ = {
			isa = PBXGroup;
			children = (
				0272D4812CD98F22003C645C /* DetailViewModel.swift */,
				0272D4842CD99016003C645C /* DetailCellViewModel.swift */,
			);
			path = ViewModel;
			sourceTree = "<group>";
		};
		0272D48F2CD9A2A2003C645C /* CoreData */ = {
			isa = PBXGroup;
			children = (
				0272D4892CD99C2D003C645C /* CoreDataHelper.swift */,
			);
			path = CoreData;
			sourceTree = "<group>";
		};
		02B6248A2CCD3A0D00704E80 = {
			isa = PBXGroup;
			children = (
				02B624952CCD3A0D00704E80 /* GalleryApp */,
				02B624942CCD3A0D00704E80 /* Products */,
			);
			sourceTree = "<group>";
		};
		02B624942CCD3A0D00704E80 /* Products */ = {
			isa = PBXGroup;
			children = (
				02B624932CCD3A0D00704E80 /* GalleryApp.app */,
			);
			name = Products;
			sourceTree = "<group>";
		};
		02B624952CCD3A0D00704E80 /* GalleryApp */ = {
			isa = PBXGroup;
			children = (
				02B624C12CD5182C00704E80 /* App */,
				02B624C22CD5183F00704E80 /* Services */,
				02B624C32CD5186C00704E80 /* Coordinators */,
				02B624C52CD5189800704E80 /* Modules */,
				02B6249F2CCD3A0F00704E80 /* Assets.xcassets */,
				0272D4862CD99C14003C645C /* FavouritePhotoModel.xcdatamodeld */,
				0272D48B2CD9A27A003C645C /* FavouritePhoto+CoreDataClass.swift */,
				0272D48C2CD9A27A003C645C /* FavouritePhoto+CoreDataProperties.swift */,
				02B624A12CCD3A0F00704E80 /* LaunchScreen.storyboard */,
				02B624A42CCD3A0F00704E80 /* Info.plist */,
			);
			path = GalleryApp;
			sourceTree = "<group>";
		};
		02B624B42CD00DE600704E80 /* ViewModel */ = {
			isa = PBXGroup;
			children = (
				02B624B12CD009C000704E80 /* MainViewModel.swift */,
				023FB8A42CD972EA002AA98F /* MainCellViewModel.swift */,
			);
			path = ViewModel;
			sourceTree = "<group>";
		};
		02B624B52CD00DF700704E80 /* View */ = {
			isa = PBXGroup;
			children = (
				02B624AF2CCEAC1A00704E80 /* MainPhotoCell.swift */,
				02B6249A2CCD3A0D00704E80 /* MainViewController.swift */,
				0217B77D2CDD9F5E00871DA0 /* PlaceholderCollectionViewCell.swift */,
				02B624B82CD147A000704E80 /* GalleryLayout.swift */,
			);
			path = View;
			sourceTree = "<group>";
		};
		02B624C12CD5182C00704E80 /* App */ = {
			isa = PBXGroup;
			children = (
				02B624962CCD3A0D00704E80 /* AppDelegate.swift */,
				02B624982CCD3A0D00704E80 /* SceneDelegate.swift */,
			);
			path = App;
			sourceTree = "<group>";
		};
		02B624C22CD5183F00704E80 /* Services */ = {
			isa = PBXGroup;
			children = (
				02B624AB2CCE859000704E80 /* NetworkManager.swift */,
				0217B7732CDC302400871DA0 /* Error.swift */,
				0217B7712CDC201500871DA0 /* DateFormatter.swift */,
				0272D48F2CD9A2A2003C645C /* CoreData */,
			);
			path = Services;
			sourceTree = "<group>";
		};
		02B624C32CD5186C00704E80 /* Coordinators */ = {
			isa = PBXGroup;
			children = (
				02B624BC2CD4DB2100704E80 /* CustomTransitionAnimator.swift */,
				0217B77A2CDD819700871DA0 /* Configurator.swift */,
				02B624BE2CD4DD8B00704E80 /* CustomNavigationControllerDelegate.swift */,
			);
			path = Coordinators;
			sourceTree = "<group>";
		};
		02B624C52CD5189800704E80 /* Modules */ = {
			isa = PBXGroup;
			children = (
				0217B77C2CDD93ED00871DA0 /* Model */,
				0217B7772CDD7AF800871DA0 /* BaseViewModels */,
				02B624C72CD518AE00704E80 /* Detail */,
				02B624C62CD518A900704E80 /* Main */,
			);
			path = Modules;
			sourceTree = "<group>";
		};
		02B624C62CD518A900704E80 /* Main */ = {
			isa = PBXGroup;
			children = (
				02B624B42CD00DE600704E80 /* ViewModel */,
				02B624B52CD00DF700704E80 /* View */,
			);
			path = Main;
			sourceTree = "<group>";
		};
		02B624C72CD518AE00704E80 /* Detail */ = {
			isa = PBXGroup;
			children = (
				0272D4832CD98F4D003C645C /* ViewModel */,
				02B624C82CD518E000704E80 /* View */,
			);
			path = Detail;
			sourceTree = "<group>";
		};
		02B624C82CD518E000704E80 /* View */ = {
			isa = PBXGroup;
			children = (
				02A2A7572CD76834008CA73A /* DetailPhotoCell.swift */,
				02B624BA2CD4D83000704E80 /* DetailViewController.swift */,
			);
			path = View;
			sourceTree = "<group>";
		};
/* End PBXGroup section */

/* Begin PBXNativeTarget section */
		02B624922CCD3A0D00704E80 /* GalleryApp */ = {
			isa = PBXNativeTarget;
			buildConfigurationList = 02B624A72CCD3A0F00704E80 /* Build configuration list for PBXNativeTarget "GalleryApp" */;
			buildPhases = (
				02B6248F2CCD3A0D00704E80 /* Sources */,
				02B624AA2CCD4A5700704E80 /* ShellScript */,
				02B624902CCD3A0D00704E80 /* Frameworks */,
				02B624912CCD3A0D00704E80 /* Resources */,
			);
			buildRules = (
			);
			dependencies = (
			);
			name = GalleryApp;
			packageProductDependencies = (
				0272D4912CD9A3BE003C645C /* SDWebImage */,
			);
			productName = GalleryApp;
			productReference = 02B624932CCD3A0D00704E80 /* GalleryApp.app */;
			productType = "com.apple.product-type.application";
		};
/* End PBXNativeTarget section */

/* Begin PBXProject section */
		02B6248B2CCD3A0D00704E80 /* Project object */ = {
			isa = PBXProject;
			attributes = {
				BuildIndependentTargetsInParallel = 1;
				LastSwiftUpdateCheck = 1520;
				LastUpgradeCheck = 1520;
				TargetAttributes = {
					02B624922CCD3A0D00704E80 = {
						CreatedOnToolsVersion = 15.2;
					};
				};
			};
			buildConfigurationList = 02B6248E2CCD3A0D00704E80 /* Build configuration list for PBXProject "GalleryApp" */;
			compatibilityVersion = "Xcode 14.0";
			developmentRegion = en;
			hasScannedForEncodings = 0;
			knownRegions = (
				en,
				Base,
			);
			mainGroup = 02B6248A2CCD3A0D00704E80;
			packageReferences = (
				0272D4902CD9A3BE003C645C /* XCRemoteSwiftPackageReference "SDWebImage" */,
			);
			productRefGroup = 02B624942CCD3A0D00704E80 /* Products */;
			projectDirPath = "";
			projectRoot = "";
			targets = (
				02B624922CCD3A0D00704E80 /* GalleryApp */,
			);
		};
/* End PBXProject section */

/* Begin PBXResourcesBuildPhase section */
		02B624912CCD3A0D00704E80 /* Resources */ = {
			isa = PBXResourcesBuildPhase;
			buildActionMask = 2147483647;
			files = (
				02B624A32CCD3A0F00704E80 /* LaunchScreen.storyboard in Resources */,
				02B624A02CCD3A0F00704E80 /* Assets.xcassets in Resources */,
			);
			runOnlyForDeploymentPostprocessing = 0;
		};
/* End PBXResourcesBuildPhase section */

/* Begin PBXShellScriptBuildPhase section */
		02B624AA2CCD4A5700704E80 /* ShellScript */ = {
			isa = PBXShellScriptBuildPhase;
			alwaysOutOfDate = 1;
			buildActionMask = 2147483647;
			files = (
			);
			inputFileListPaths = (
			);
			inputPaths = (
				"$(SRCROOT)/.swiftlint.yml",
			);
			outputFileListPaths = (
			);
			outputPaths = (
			);
			runOnlyForDeploymentPostprocessing = 0;
			shellPath = /bin/sh;
			shellScript = "# Type a script or drag a script file from your workspace to insert its path.\nexport PATH=\"$PATH:/opt/homebrew/bin\"\nif which swiftlint > /dev/null; then\n  swiftlint\nelse\n  echo \"warning: SwiftLint not installed, download from https://github.com/realm/SwiftLint\"\nfi\n";
		};
/* End PBXShellScriptBuildPhase section */

/* Begin PBXSourcesBuildPhase section */
		02B6248F2CCD3A0D00704E80 /* Sources */ = {
			isa = PBXSourcesBuildPhase;
			buildActionMask = 2147483647;
			files = (
				0272D4882CD99C14003C645C /* FavouritePhotoModel.xcdatamodeld in Sources */,
				02B624BB2CD4D83000704E80 /* DetailViewController.swift in Sources */,
				02B624AC2CCE859000704E80 /* NetworkManager.swift in Sources */,
				0217B7762CDD797100871DA0 /* BaseCellViewModel.swift in Sources */,
				02B624BD2CD4DB2100704E80 /* CustomTransitionAnimator.swift in Sources */,
				0217B77B2CDD819700871DA0 /* Configurator.swift in Sources */,
				0217B7722CDC201600871DA0 /* DateFormatter.swift in Sources */,
				0272D48A2CD99C2D003C645C /* CoreDataHelper.swift in Sources */,
				0217B77E2CDD9F5E00871DA0 /* PlaceholderCollectionViewCell.swift in Sources */,
				02B6249B2CCD3A0D00704E80 /* MainViewController.swift in Sources */,
				0272D4852CD99016003C645C /* DetailCellViewModel.swift in Sources */,
				02B624972CCD3A0D00704E80 /* AppDelegate.swift in Sources */,
				02A2A7582CD76834008CA73A /* DetailPhotoCell.swift in Sources */,
				02B624992CCD3A0D00704E80 /* SceneDelegate.swift in Sources */,
				02B624BF2CD4DD8B00704E80 /* CustomNavigationControllerDelegate.swift in Sources */,
				02B624B92CD147A000704E80 /* GalleryLayout.swift in Sources */,
				0272D48D2CD9A27A003C645C /* FavouritePhoto+CoreDataClass.swift in Sources */,
				0272D4822CD98F22003C645C /* DetailViewModel.swift in Sources */,
				02B624B02CCEAC1A00704E80 /* MainPhotoCell.swift in Sources */,
				023FB8A52CD972EB002AA98F /* MainCellViewModel.swift in Sources */,
				0272D48E2CD9A27A003C645C /* FavouritePhoto+CoreDataProperties.swift in Sources */,
				02B624AE2CCE9BDD00704E80 /* PhotoItem.swift in Sources */,
				0217B7742CDC302400871DA0 /* Error.swift in Sources */,
				02B624B22CD009C000704E80 /* MainViewModel.swift in Sources */,
			);
			runOnlyForDeploymentPostprocessing = 0;
		};
/* End PBXSourcesBuildPhase section */

/* Begin PBXVariantGroup section */
		02B624A12CCD3A0F00704E80 /* LaunchScreen.storyboard */ = {
			isa = PBXVariantGroup;
			children = (
				02B624A22CCD3A0F00704E80 /* Base */,
			);
			name = LaunchScreen.storyboard;
			sourceTree = "<group>";
		};
/* End PBXVariantGroup section */

/* Begin XCBuildConfiguration section */
		02B624A52CCD3A0F00704E80 /* Debug */ = {
			isa = XCBuildConfiguration;
			buildSettings = {
				ALWAYS_SEARCH_USER_PATHS = NO;
				ASSETCATALOG_COMPILER_GENERATE_SWIFT_ASSET_SYMBOL_EXTENSIONS = YES;
				CLANG_ANALYZER_NONNULL = YES;
				CLANG_ANALYZER_NUMBER_OBJECT_CONVERSION = YES_AGGRESSIVE;
				CLANG_CXX_LANGUAGE_STANDARD = "gnu++20";
				CLANG_ENABLE_MODULES = YES;
				CLANG_ENABLE_OBJC_ARC = YES;
				CLANG_ENABLE_OBJC_WEAK = YES;
				CLANG_WARN_BLOCK_CAPTURE_AUTORELEASING = YES;
				CLANG_WARN_BOOL_CONVERSION = YES;
				CLANG_WARN_COMMA = YES;
				CLANG_WARN_CONSTANT_CONVERSION = YES;
				CLANG_WARN_DEPRECATED_OBJC_IMPLEMENTATIONS = YES;
				CLANG_WARN_DIRECT_OBJC_ISA_USAGE = YES_ERROR;
				CLANG_WARN_DOCUMENTATION_COMMENTS = YES;
				CLANG_WARN_EMPTY_BODY = YES;
				CLANG_WARN_ENUM_CONVERSION = YES;
				CLANG_WARN_INFINITE_RECURSION = YES;
				CLANG_WARN_INT_CONVERSION = YES;
				CLANG_WARN_NON_LITERAL_NULL_CONVERSION = YES;
				CLANG_WARN_OBJC_IMPLICIT_RETAIN_SELF = YES;
				CLANG_WARN_OBJC_LITERAL_CONVERSION = YES;
				CLANG_WARN_OBJC_ROOT_CLASS = YES_ERROR;
				CLANG_WARN_QUOTED_INCLUDE_IN_FRAMEWORK_HEADER = YES;
				CLANG_WARN_RANGE_LOOP_ANALYSIS = YES;
				CLANG_WARN_STRICT_PROTOTYPES = YES;
				CLANG_WARN_SUSPICIOUS_MOVE = YES;
				CLANG_WARN_UNGUARDED_AVAILABILITY = YES_AGGRESSIVE;
				CLANG_WARN_UNREACHABLE_CODE = YES;
				CLANG_WARN__DUPLICATE_METHOD_MATCH = YES;
				COPY_PHASE_STRIP = NO;
				DEBUG_INFORMATION_FORMAT = dwarf;
				ENABLE_STRICT_OBJC_MSGSEND = YES;
				ENABLE_TESTABILITY = YES;
				ENABLE_USER_SCRIPT_SANDBOXING = NO;
				GCC_C_LANGUAGE_STANDARD = gnu17;
				GCC_DYNAMIC_NO_PIC = NO;
				GCC_NO_COMMON_BLOCKS = YES;
				GCC_OPTIMIZATION_LEVEL = 0;
				GCC_PREPROCESSOR_DEFINITIONS = (
					"DEBUG=1",
					"$(inherited)",
				);
				GCC_WARN_64_TO_32_BIT_CONVERSION = YES;
				GCC_WARN_ABOUT_RETURN_TYPE = YES_ERROR;
				GCC_WARN_UNDECLARED_SELECTOR = YES;
				GCC_WARN_UNINITIALIZED_AUTOS = YES_AGGRESSIVE;
				GCC_WARN_UNUSED_FUNCTION = YES;
				GCC_WARN_UNUSED_VARIABLE = YES;
				IPHONEOS_DEPLOYMENT_TARGET = 15.0;
				LOCALIZATION_PREFERS_STRING_CATALOGS = YES;
				MTL_ENABLE_DEBUG_INFO = INCLUDE_SOURCE;
				MTL_FAST_MATH = YES;
				ONLY_ACTIVE_ARCH = YES;
				SDKROOT = iphoneos;
				SWIFT_ACTIVE_COMPILATION_CONDITIONS = "DEBUG $(inherited)";
				SWIFT_OPTIMIZATION_LEVEL = "-Onone";
			};
			name = Debug;
		};
		02B624A62CCD3A0F00704E80 /* Release */ = {
			isa = XCBuildConfiguration;
			buildSettings = {
				ALWAYS_SEARCH_USER_PATHS = NO;
				ASSETCATALOG_COMPILER_GENERATE_SWIFT_ASSET_SYMBOL_EXTENSIONS = YES;
				CLANG_ANALYZER_NONNULL = YES;
				CLANG_ANALYZER_NUMBER_OBJECT_CONVERSION = YES_AGGRESSIVE;
				CLANG_CXX_LANGUAGE_STANDARD = "gnu++20";
				CLANG_ENABLE_MODULES = YES;
				CLANG_ENABLE_OBJC_ARC = YES;
				CLANG_ENABLE_OBJC_WEAK = YES;
				CLANG_WARN_BLOCK_CAPTURE_AUTORELEASING = YES;
				CLANG_WARN_BOOL_CONVERSION = YES;
				CLANG_WARN_COMMA = YES;
				CLANG_WARN_CONSTANT_CONVERSION = YES;
				CLANG_WARN_DEPRECATED_OBJC_IMPLEMENTATIONS = YES;
				CLANG_WARN_DIRECT_OBJC_ISA_USAGE = YES_ERROR;
				CLANG_WARN_DOCUMENTATION_COMMENTS = YES;
				CLANG_WARN_EMPTY_BODY = YES;
				CLANG_WARN_ENUM_CONVERSION = YES;
				CLANG_WARN_INFINITE_RECURSION = YES;
				CLANG_WARN_INT_CONVERSION = YES;
				CLANG_WARN_NON_LITERAL_NULL_CONVERSION = YES;
				CLANG_WARN_OBJC_IMPLICIT_RETAIN_SELF = YES;
				CLANG_WARN_OBJC_LITERAL_CONVERSION = YES;
				CLANG_WARN_OBJC_ROOT_CLASS = YES_ERROR;
				CLANG_WARN_QUOTED_INCLUDE_IN_FRAMEWORK_HEADER = YES;
				CLANG_WARN_RANGE_LOOP_ANALYSIS = YES;
				CLANG_WARN_STRICT_PROTOTYPES = YES;
				CLANG_WARN_SUSPICIOUS_MOVE = YES;
				CLANG_WARN_UNGUARDED_AVAILABILITY = YES_AGGRESSIVE;
				CLANG_WARN_UNREACHABLE_CODE = YES;
				CLANG_WARN__DUPLICATE_METHOD_MATCH = YES;
				COPY_PHASE_STRIP = NO;
				DEBUG_INFORMATION_FORMAT = "dwarf-with-dsym";
				ENABLE_NS_ASSERTIONS = NO;
				ENABLE_STRICT_OBJC_MSGSEND = YES;
				ENABLE_USER_SCRIPT_SANDBOXING = NO;
				GCC_C_LANGUAGE_STANDARD = gnu17;
				GCC_NO_COMMON_BLOCKS = YES;
				GCC_WARN_64_TO_32_BIT_CONVERSION = YES;
				GCC_WARN_ABOUT_RETURN_TYPE = YES_ERROR;
				GCC_WARN_UNDECLARED_SELECTOR = YES;
				GCC_WARN_UNINITIALIZED_AUTOS = YES_AGGRESSIVE;
				GCC_WARN_UNUSED_FUNCTION = YES;
				GCC_WARN_UNUSED_VARIABLE = YES;
				IPHONEOS_DEPLOYMENT_TARGET = 15.0;
				LOCALIZATION_PREFERS_STRING_CATALOGS = YES;
				MTL_ENABLE_DEBUG_INFO = NO;
				MTL_FAST_MATH = YES;
				SDKROOT = iphoneos;
				SWIFT_COMPILATION_MODE = wholemodule;
				VALIDATE_PRODUCT = YES;
			};
			name = Release;
		};
		02B624A82CCD3A0F00704E80 /* Debug */ = {
			isa = XCBuildConfiguration;
			buildSettings = {
				ASSETCATALOG_COMPILER_APPICON_NAME = AppIcon;
				ASSETCATALOG_COMPILER_GLOBAL_ACCENT_COLOR_NAME = AccentColor;
				CODE_SIGN_STYLE = Automatic;
				CURRENT_PROJECT_VERSION = 1;
				DEVELOPMENT_TEAM = 3WCYJPR9TJ;
				GENERATE_INFOPLIST_FILE = YES;
				INFOPLIST_FILE = GalleryApp/Info.plist;
				INFOPLIST_KEY_UIApplicationSupportsIndirectInputEvents = YES;
				INFOPLIST_KEY_UILaunchStoryboardName = LaunchScreen;
				INFOPLIST_KEY_UISupportedInterfaceOrientations_iPad = "UIInterfaceOrientationPortrait UIInterfaceOrientationPortraitUpsideDown UIInterfaceOrientationLandscapeLeft UIInterfaceOrientationLandscapeRight";
				INFOPLIST_KEY_UISupportedInterfaceOrientations_iPhone = "UIInterfaceOrientationPortrait UIInterfaceOrientationLandscapeLeft UIInterfaceOrientationLandscapeRight";
				LD_RUNPATH_SEARCH_PATHS = (
					"$(inherited)",
					"@executable_path/Frameworks",
				);
				MARKETING_VERSION = 1.0;
				PRODUCT_BUNDLE_IDENTIFIER = com.karinakovaleva.GalleryApp;
				PRODUCT_NAME = "$(TARGET_NAME)";
				SWIFT_EMIT_LOC_STRINGS = YES;
				SWIFT_VERSION = 5.0;
				TARGETED_DEVICE_FAMILY = "1,2";
			};
			name = Debug;
		};
		02B624A92CCD3A0F00704E80 /* Release */ = {
			isa = XCBuildConfiguration;
			buildSettings = {
				ASSETCATALOG_COMPILER_APPICON_NAME = AppIcon;
				ASSETCATALOG_COMPILER_GLOBAL_ACCENT_COLOR_NAME = AccentColor;
				CODE_SIGN_STYLE = Automatic;
				CURRENT_PROJECT_VERSION = 1;
				DEVELOPMENT_TEAM = 3WCYJPR9TJ;
				GENERATE_INFOPLIST_FILE = YES;
				INFOPLIST_FILE = GalleryApp/Info.plist;
				INFOPLIST_KEY_UIApplicationSupportsIndirectInputEvents = YES;
				INFOPLIST_KEY_UILaunchStoryboardName = LaunchScreen;
				INFOPLIST_KEY_UISupportedInterfaceOrientations_iPad = "UIInterfaceOrientationPortrait UIInterfaceOrientationPortraitUpsideDown UIInterfaceOrientationLandscapeLeft UIInterfaceOrientationLandscapeRight";
				INFOPLIST_KEY_UISupportedInterfaceOrientations_iPhone = "UIInterfaceOrientationPortrait UIInterfaceOrientationLandscapeLeft UIInterfaceOrientationLandscapeRight";
				LD_RUNPATH_SEARCH_PATHS = (
					"$(inherited)",
					"@executable_path/Frameworks",
				);
				MARKETING_VERSION = 1.0;
				PRODUCT_BUNDLE_IDENTIFIER = com.karinakovaleva.GalleryApp;
				PRODUCT_NAME = "$(TARGET_NAME)";
				SWIFT_EMIT_LOC_STRINGS = YES;
				SWIFT_VERSION = 5.0;
				TARGETED_DEVICE_FAMILY = "1,2";
			};
			name = Release;
		};
/* End XCBuildConfiguration section */

/* Begin XCConfigurationList section */
		02B6248E2CCD3A0D00704E80 /* Build configuration list for PBXProject "GalleryApp" */ = {
			isa = XCConfigurationList;
			buildConfigurations = (
				02B624A52CCD3A0F00704E80 /* Debug */,
				02B624A62CCD3A0F00704E80 /* Release */,
			);
			defaultConfigurationIsVisible = 0;
			defaultConfigurationName = Release;
		};
		02B624A72CCD3A0F00704E80 /* Build configuration list for PBXNativeTarget "GalleryApp" */ = {
			isa = XCConfigurationList;
			buildConfigurations = (
				02B624A82CCD3A0F00704E80 /* Debug */,
				02B624A92CCD3A0F00704E80 /* Release */,
			);
			defaultConfigurationIsVisible = 0;
			defaultConfigurationName = Release;
		};
/* End XCConfigurationList section */

/* Begin XCRemoteSwiftPackageReference section */
		0272D4902CD9A3BE003C645C /* XCRemoteSwiftPackageReference "SDWebImage" */ = {
			isa = XCRemoteSwiftPackageReference;
			repositoryURL = "https://github.com/SDWebImage/SDWebImage";
			requirement = {
				kind = upToNextMajorVersion;
				minimumVersion = 5.20.0;
			};
		};
/* End XCRemoteSwiftPackageReference section */

/* Begin XCSwiftPackageProductDependency section */
		0272D4912CD9A3BE003C645C /* SDWebImage */ = {
			isa = XCSwiftPackageProductDependency;
			package = 0272D4902CD9A3BE003C645C /* XCRemoteSwiftPackageReference "SDWebImage" */;
			productName = SDWebImage;
		};
/* End XCSwiftPackageProductDependency section */

/* Begin XCVersionGroup section */
		0272D4862CD99C14003C645C /* FavouritePhotoModel.xcdatamodeld */ = {
			isa = XCVersionGroup;
			children = (
				0272D4872CD99C14003C645C /* FavouritePhotoModel.xcdatamodel */,
			);
			currentVersion = 0272D4872CD99C14003C645C /* FavouritePhotoModel.xcdatamodel */;
			path = FavouritePhotoModel.xcdatamodeld;
			sourceTree = "<group>";
			versionGroupType = wrapper.xcdatamodel;
		};
/* End XCVersionGroup section */
	};
	rootObject = 02B6248B2CCD3A0D00704E80 /* Project object */;
}
